
Microsoft Visual Studio Solution File, Format Version 12.00
# Visual Studio 15
VisualStudioVersion = 15.0.28307.329
MinimumVisualStudioVersion = 10.0.40219.1
Project("{9A19103F-16F7-4668-BE54-9A1E7A4F7556}") = "image-api-tests", "..\image-api-tests\image-api-tests.csproj", "{3EC47235-8B08-44F0-ADF9-E99DD7195E4C}"
EndProject
Project("{9A19103F-16F7-4668-BE54-9A1E7A4F7556}") = "image-api", "image-api.csproj", "{30017D2C-2E04-46D6-A3EF-9E8B6003DE73}"
EndProject
Global
	GlobalSection(SolutionConfigurationPlatforms) = preSolution
		Debug|Any CPU = Debug|Any CPU
		Release|Any CPU = Release|Any CPU
	EndGlobalSection
	GlobalSection(ProjectConfigurationPlatforms) = postSolution
		{3EC47235-8B08-44F0-ADF9-E99DD7195E4C}.Debug|Any CPU.ActiveCfg = Debug|Any CPU
		{3EC47235-8B08-44F0-ADF9-E99DD7195E4C}.Debug|Any CPU.Build.0 = Debug|Any CPU
		{3EC47235-8B08-44F0-ADF9-E99DD7195E4C}.Release|Any CPU.ActiveCfg = Release|Any CPU
		{3EC47235-8B08-44F0-ADF9-E99DD7195E4C}.Release|Any CPU.Build.0 = Release|Any CPU
		{30017D2C-2E04-46D6-A3EF-9E8B6003DE73}.Debug|Any CPU.ActiveCfg = Debug|Any CPU
		{30017D2C-2E04-46D6-A3EF-9E8B6003DE73}.Debug|Any CPU.Build.0 = Debug|Any CPU
		{30017D2C-2E04-46D6-A3EF-9E8B6003DE73}.Release|Any CPU.ActiveCfg = Release|Any CPU
		{30017D2C-2E04-46D6-A3EF-9E8B6003DE73}.Release|Any CPU.Build.0 = Release|Any CPU
	EndGlobalSection
	GlobalSection(SolutionProperties) = preSolution
		HideSolutionNode = FALSE
	EndGlobalSection
	GlobalSection(ExtensibilityGlobals) = postSolution
		SolutionGuid = {EA2F2D1A-3489-47C7-AA71-E7B9F41F3D92}
	EndGlobalSection
EndGlobal
